<?xml version="1.0" encoding="utf-8"?>
<Project ToolsVersion="4.0" xmlns="http://schemas.microsoft.com/developer/msbuild/2003">
  <ItemGroup>
    <Filter Include="Source Files">
      <UniqueIdentifier>{4FC737F1-C7A5-4376-A066-2A32D752A2FF}</UniqueIdentifier>
      <Extensions>cpp;c;cc;cxx;def;odl;idl;hpj;bat;asm;asmx</Extensions>
    </Filter>
    <Filter Include="Header Files">
      <UniqueIdentifier>{93995380-89BD-4b04-88EB-625FBE52EBFB}</UniqueIdentifier>
      <Extensions>h;hh;hpp;hxx;hm;inl;inc;xsd</Extensions>
    </Filter>
    <Filter Include="Resource Files">
      <UniqueIdentifier>{67DA6AB6-F800-4c08-8B7A-83BB121AAD01}</UniqueIdentifier>
      <Extensions>rc;ico;cur;bmp;dlg;rc2;rct;bin;rgs;gif;jpg;jpeg;jpe;resx;tiff;tif;png;wav;mfcribbon-ms</Extensions>
    </Filter>
  </ItemGroup>
  <ItemGroup>
    <ClInclude Include="src\raptor_internal.h">
      <Filter>Header Files</Filter>
    </ClInclude>
    <ClInclude Include="src\raptor_rss.h">
      <Filter>Header Files</Filter>
    </ClInclude>
    <ClInclude Include="src\sort_r.h">
      <Filter>Header Files</Filter>
    </ClInclude>
    <ClInclude Include="src\ssort.h">
      <Filter>Header Files</Filter>
    </ClInclude>
    <ClInclude Include="src\turtle_common.h">
      <Filter>Header Files</Filter>
    </ClInclude>
    <ClInclude Include="src\turtle_lexer.h">
      <Filter>Header Files</Filter>
    </ClInclude>
    <ClInclude Include="src\turtle_parser.h">
      <Filter>Header Files</Filter>
    </ClInclude>
    <ClInclude Include="src\raptor.h">
      <Filter>Header Files</Filter>
    </ClInclude>
    <ClInclude Include="resource.h">
      <Filter>Header Files</Filter>
    </ClInclude>
    <ClInclude Include="src\raptor2.h">
      <Filter>Header Files</Filter>
    </ClInclude>
    <ClInclude Include="src\raptor_config.h">
      <Filter>Header Files</Filter>
    </ClInclude>
  </ItemGroup>
  <ItemGroup>
    <ClCompile Include="src\ntriples_parse.c">
      <Filter>Source Files</Filter>
    </ClCompile>
    <ClCompile Include="src\parsedate.c">
      <Filter>Source Files</Filter>
    </ClCompile>
    <ClCompile Include="src\raptor_avltree.c">
      <Filter>Source Files</Filter>
    </ClCompile>
    <ClCompile Include="src\raptor_concepts.c">
      <Filter>Source Files</Filter>
    </ClCompile>
    <ClCompile Include="src\raptor_escaped.c">
      <Filter>Source Files</Filter>
    </ClCompile>
    <ClCompile Include="src\raptor_general.c">
      <Filter>Source Files</Filter>
    </ClCompile>
    <ClCompile Include="src\raptor_guess.c">
      <Filter>Source Files</Filter>
    </ClCompile>
    <ClCompile Include="src\raptor_iostream.c">
      <Filter>Source Files</Filter>
    </ClCompile>
    <ClCompile Include="src\raptor_locator.c">
      <Filter>Source Files</Filter>
    </ClCompile>
    <ClCompile Include="src\raptor_log.c">
      <Filter>Source Files</Filter>
    </ClCompile>
    <ClCompile Include="src\raptor_memstr.c">
      <Filter>Source Files</Filter>
    </ClCompile>
    <ClCompile Include="src\raptor_namespace.c">
      <Filter>Source Files</Filter>
    </ClCompile>
    <ClCompile Include="src\raptor_ntriples.c">
      <Filter>Source Files</Filter>
    </ClCompile>
    <ClCompile Include="src\raptor_option.c">
      <Filter>Source Files</Filter>
    </ClCompile>
    <ClCompile Include="src\raptor_parse.c">
      <Filter>Source Files</Filter>
    </ClCompile>
    <ClCompile Include="src\raptor_permute_test.c">
      <Filter>Source Files</Filter>
    </ClCompile>
    <ClCompile Include="src\raptor_qname.c">
      <Filter>Source Files</Filter>
    </ClCompile>
    <ClCompile Include="src\raptor_rfc2396.c">
      <Filter>Source Files</Filter>
    </ClCompile>
    <ClCompile Include="src\raptor_sax2.c">
      <Filter>Source Files</Filter>
    </ClCompile>
    <ClCompile Include="src\raptor_sequence.c">
      <Filter>Source Files</Filter>
    </ClCompile>
    <ClCompile Include="src\raptor_serialize.c">
      <Filter>Source Files</Filter>
    </ClCompile>
    <ClCompile Include="src\raptor_serialize_ntriples.c">
      <Filter>Source Files</Filter>
    </ClCompile>
    <ClCompile Include="src\raptor_serialize_turtle.c">
      <Filter>Source Files</Filter>
    </ClCompile>
    <ClCompile Include="src\raptor_set.c">
      <Filter>Source Files</Filter>
    </ClCompile>
    <ClCompile Include="src\raptor_statement.c">
      <Filter>Source Files</Filter>
    </ClCompile>
    <ClCompile Include="src\raptor_stringbuffer.c">
      <Filter>Source Files</Filter>
    </ClCompile>
    <ClCompile Include="src\raptor_syntax_description.c">
      <Filter>Source Files</Filter>
    </ClCompile>
    <ClCompile Include="src\raptor_term.c">
      <Filter>Source Files</Filter>
    </ClCompile>
    <ClCompile Include="src\raptor_turtle_writer.c">
      <Filter>Source Files</Filter>
    </ClCompile>
    <ClCompile Include="src\raptor_unicode.c">
      <Filter>Source Files</Filter>
    </ClCompile>
    <ClCompile Include="src\raptor_uri.c">
      <Filter>Source Files</Filter>
    </ClCompile>
    <ClCompile Include="src\raptor_win32.c">
      <Filter>Source Files</Filter>
    </ClCompile>
    <ClCompile Include="src\raptor_www.c">
      <Filter>Source Files</Filter>
    </ClCompile>
    <ClCompile Include="src\raptor_xml.c">
      <Filter>Source Files</Filter>
    </ClCompile>
    <ClCompile Include="src\raptor_xml_writer.c">
      <Filter>Source Files</Filter>
    </ClCompile>
    <ClCompile Include="src\snprintf.c">
      <Filter>Source Files</Filter>
    </ClCompile>
    <ClCompile Include="src\sort_r.c">
      <Filter>Source Files</Filter>
    </ClCompile>
    <ClCompile Include="src\turtle_common.c">
      <Filter>Source Files</Filter>
    </ClCompile>
    <ClCompile Include="src\turtle_lexer.c">
      <Filter>Source Files</Filter>
    </ClCompile>
    <ClCompile Include="src\turtle_parser.c">
      <Filter>Source Files</Filter>
    </ClCompile>
    <ClCompile Include="src\raptor_abbrev.c">
      <Filter>Source Files</Filter>
    </ClCompile>
  </ItemGroup>
  <ItemGroup>
    <ResourceCompile Include="raptor2.rc">
      <Filter>Resource Files</Filter>
    </ResourceCompile>
  </ItemGroup>
</Project>