
Microsoft Visual Studio Solution File, Format Version 12.00
# Visual Studio 14
VisualStudioVersion = 14.0.25420.1
MinimumVisualStudioVersion = 10.0.40219.1
Project("{8BC9CEB8-8B4A-11D0-8D11-00A0C91BC942}") = "libaff4", "libaff4\libaff4.vcxproj", "{3F088AF6-8BA8-4266-AF48-A5E64BE6942D}"
	ProjectSection(ProjectDependencies) = postProject
		{B331380F-1B3B-412D-A0EE-ECFF9E5ECC34} = {B331380F-1B3B-412D-A0EE-ECFF9E5ECC34}
		{C7303444-4D33-41A9-A8C5-37DD871EEB18} = {C7303444-4D33-41A9-A8C5-37DD871EEB18}
		{6FF4F6E2-A216-4E42-BD0A-2B83605F281D} = {6FF4F6E2-A216-4E42-BD0A-2B83605F281D}
	EndProjectSection
EndProject
Project("{8BC9CEB8-8B4A-11D0-8D11-00A0C91BC942}") = "snappy", "snappy\snappy.vcxproj", "{C7303444-4D33-41A9-A8C5-37DD871EEB18}"
EndProject
Project("{8BC9CEB8-8B4A-11D0-8D11-00A0C91BC942}") = "zlib", "zlib\zlib.vcxproj", "{6FF4F6E2-A216-4E42-BD0A-2B83605F281D}"
EndProject
Project("{8BC9CEB8-8B4A-11D0-8D11-00A0C91BC942}") = "raptor2", "raptor2\raptor2.vcxproj", "{B331380F-1B3B-412D-A0EE-ECFF9E5ECC34}"
EndProject
Project("{2150E333-8FDC-42A3-9474-1A3956D46DE8}") = "Solution Items", "Solution Items", "{AEC14A4C-ADE8-4A43-A5F7-6FB5C00DA5E9}"
	ProjectSection(SolutionItems) = preProject
		INSTALL.txt = INSTALL.txt
	EndProjectSection
EndProject
Project("{8BC9CEB8-8B4A-11D0-8D11-00A0C91BC942}") = "aff4-info", "aff4-info\aff4-info.vcxproj", "{52023F92-6493-4A44-9BE9-AF9B42263E78}"
	ProjectSection(ProjectDependencies) = postProject
		{B331380F-1B3B-412D-A0EE-ECFF9E5ECC34} = {B331380F-1B3B-412D-A0EE-ECFF9E5ECC34}
		{C7303444-4D33-41A9-A8C5-37DD871EEB18} = {C7303444-4D33-41A9-A8C5-37DD871EEB18}
		{6FF4F6E2-A216-4E42-BD0A-2B83605F281D} = {6FF4F6E2-A216-4E42-BD0A-2B83605F281D}
	EndProjectSection
EndProject
Project("{8BC9CEB8-8B4A-11D0-8D11-00A0C91BC942}") = "aff4-extract", "aff4-extract\aff4-extract.vcxproj", "{24E58AA1-37BE-4639-9475-9B6D6DAB45E4}"
EndProject
Project("{8BC9CEB8-8B4A-11D0-8D11-00A0C91BC942}") = "aff4-digest", "aff4-digest\aff4-digest.vcxproj", "{8C41A022-A68C-40BD-BCF4-239AA3EF4186}"
EndProject
Project("{8BC9CEB8-8B4A-11D0-8D11-00A0C91BC942}") = "unitTests", "unitTests\unitTests.vcxproj", "{F5965EF9-F6CA-439D-B85F-2B10BAEFBEC4}"
EndProject
Project("{8BC9CEB8-8B4A-11D0-8D11-00A0C91BC942}") = "xwaysPlugin", "xwaysPlugin\xwaysPlugin.vcxproj", "{8F220AE2-860A-4911-B954-C17C95DF598D}"
EndProject
Project("{8BC9CEB8-8B4A-11D0-8D11-00A0C91BC942}") = "xwaysPluginUnitTest", "xwaysPluginUnitTest\xwaysPluginUnitTest.vcxproj", "{D39AFCCB-C0F6-438E-A4AA-47C3F78F5390}"
EndProject
Global
	GlobalSection(SolutionConfigurationPlatforms) = preSolution
		Debug|x64 = Debug|x64
		Debug|x86 = Debug|x86
		Release|x64 = Release|x64
		Release|x86 = Release|x86
	EndGlobalSection
	GlobalSection(ProjectConfigurationPlatforms) = postSolution
		{3F088AF6-8BA8-4266-AF48-A5E64BE6942D}.Debug|x64.ActiveCfg = Debug|x64
		{3F088AF6-8BA8-4266-AF48-A5E64BE6942D}.Debug|x64.Build.0 = Debug|x64
		{3F088AF6-8BA8-4266-AF48-A5E64BE6942D}.Debug|x86.ActiveCfg = Debug|Win32
		{3F088AF6-8BA8-4266-AF48-A5E64BE6942D}.Debug|x86.Build.0 = Debug|Win32
		{3F088AF6-8BA8-4266-AF48-A5E64BE6942D}.Release|x64.ActiveCfg = Release|x64
		{3F088AF6-8BA8-4266-AF48-A5E64BE6942D}.Release|x64.Build.0 = Release|x64
		{3F088AF6-8BA8-4266-AF48-A5E64BE6942D}.Release|x86.ActiveCfg = Release|Win32
		{3F088AF6-8BA8-4266-AF48-A5E64BE6942D}.Release|x86.Build.0 = Release|Win32
		{C7303444-4D33-41A9-A8C5-37DD871EEB18}.Debug|x64.ActiveCfg = Debug|x64
		{C7303444-4D33-41A9-A8C5-37DD871EEB18}.Debug|x64.Build.0 = Debug|x64
		{C7303444-4D33-41A9-A8C5-37DD871EEB18}.Debug|x86.ActiveCfg = Debug|Win32
		{C7303444-4D33-41A9-A8C5-37DD871EEB18}.Debug|x86.Build.0 = Debug|Win32
		{C7303444-4D33-41A9-A8C5-37DD871EEB18}.Release|x64.ActiveCfg = Release|x64
		{C7303444-4D33-41A9-A8C5-37DD871EEB18}.Release|x64.Build.0 = Release|x64
		{C7303444-4D33-41A9-A8C5-37DD871EEB18}.Release|x86.ActiveCfg = Release|Win32
		{C7303444-4D33-41A9-A8C5-37DD871EEB18}.Release|x86.Build.0 = Release|Win32
		{6FF4F6E2-A216-4E42-BD0A-2B83605F281D}.Debug|x64.ActiveCfg = Debug|x64
		{6FF4F6E2-A216-4E42-BD0A-2B83605F281D}.Debug|x64.Build.0 = Debug|x64
		{6FF4F6E2-A216-4E42-BD0A-2B83605F281D}.Debug|x86.ActiveCfg = Debug|Win32
		{6FF4F6E2-A216-4E42-BD0A-2B83605F281D}.Debug|x86.Build.0 = Debug|Win32
		{6FF4F6E2-A216-4E42-BD0A-2B83605F281D}.Release|x64.ActiveCfg = Release|x64
		{6FF4F6E2-A216-4E42-BD0A-2B83605F281D}.Release|x64.Build.0 = Release|x64
		{6FF4F6E2-A216-4E42-BD0A-2B83605F281D}.Release|x86.ActiveCfg = Release|Win32
		{6FF4F6E2-A216-4E42-BD0A-2B83605F281D}.Release|x86.Build.0 = Release|Win32
		{B331380F-1B3B-412D-A0EE-ECFF9E5ECC34}.Debug|x64.ActiveCfg = Debug|x64
		{B331380F-1B3B-412D-A0EE-ECFF9E5ECC34}.Debug|x64.Build.0 = Debug|x64
		{B331380F-1B3B-412D-A0EE-ECFF9E5ECC34}.Debug|x86.ActiveCfg = Debug|Win32
		{B331380F-1B3B-412D-A0EE-ECFF9E5ECC34}.Debug|x86.Build.0 = Debug|Win32
		{B331380F-1B3B-412D-A0EE-ECFF9E5ECC34}.Release|x64.ActiveCfg = Release|x64
		{B331380F-1B3B-412D-A0EE-ECFF9E5ECC34}.Release|x64.Build.0 = Release|x64
		{B331380F-1B3B-412D-A0EE-ECFF9E5ECC34}.Release|x86.ActiveCfg = Release|Win32
		{B331380F-1B3B-412D-A0EE-ECFF9E5ECC34}.Release|x86.Build.0 = Release|Win32
		{52023F92-6493-4A44-9BE9-AF9B42263E78}.Debug|x64.ActiveCfg = Debug|x64
		{52023F92-6493-4A44-9BE9-AF9B42263E78}.Debug|x64.Build.0 = Debug|x64
		{52023F92-6493-4A44-9BE9-AF9B42263E78}.Debug|x86.ActiveCfg = Debug|Win32
		{52023F92-6493-4A44-9BE9-AF9B42263E78}.Debug|x86.Build.0 = Debug|Win32
		{52023F92-6493-4A44-9BE9-AF9B42263E78}.Release|x64.ActiveCfg = Release|x64
		{52023F92-6493-4A44-9BE9-AF9B42263E78}.Release|x64.Build.0 = Release|x64
		{52023F92-6493-4A44-9BE9-AF9B42263E78}.Release|x86.ActiveCfg = Release|Win32
		{52023F92-6493-4A44-9BE9-AF9B42263E78}.Release|x86.Build.0 = Release|Win32
		{24E58AA1-37BE-4639-9475-9B6D6DAB45E4}.Debug|x64.ActiveCfg = Debug|x64
		{24E58AA1-37BE-4639-9475-9B6D6DAB45E4}.Debug|x64.Build.0 = Debug|x64
		{24E58AA1-37BE-4639-9475-9B6D6DAB45E4}.Debug|x86.ActiveCfg = Debug|Win32
		{24E58AA1-37BE-4639-9475-9B6D6DAB45E4}.Debug|x86.Build.0 = Debug|Win32
		{24E58AA1-37BE-4639-9475-9B6D6DAB45E4}.Release|x64.ActiveCfg = Release|x64
		{24E58AA1-37BE-4639-9475-9B6D6DAB45E4}.Release|x64.Build.0 = Release|x64
		{24E58AA1-37BE-4639-9475-9B6D6DAB45E4}.Release|x86.ActiveCfg = Release|Win32
		{24E58AA1-37BE-4639-9475-9B6D6DAB45E4}.Release|x86.Build.0 = Release|Win32
		{8C41A022-A68C-40BD-BCF4-239AA3EF4186}.Debug|x64.ActiveCfg = Debug|x64
		{8C41A022-A68C-40BD-BCF4-239AA3EF4186}.Debug|x64.Build.0 = Debug|x64
		{8C41A022-A68C-40BD-BCF4-239AA3EF4186}.Debug|x86.ActiveCfg = Debug|Win32
		{8C41A022-A68C-40BD-BCF4-239AA3EF4186}.Debug|x86.Build.0 = Debug|Win32
		{8C41A022-A68C-40BD-BCF4-239AA3EF4186}.Release|x64.ActiveCfg = Release|x64
		{8C41A022-A68C-40BD-BCF4-239AA3EF4186}.Release|x64.Build.0 = Release|x64
		{8C41A022-A68C-40BD-BCF4-239AA3EF4186}.Release|x86.ActiveCfg = Release|Win32
		{8C41A022-A68C-40BD-BCF4-239AA3EF4186}.Release|x86.Build.0 = Release|Win32
		{F5965EF9-F6CA-439D-B85F-2B10BAEFBEC4}.Debug|x64.ActiveCfg = Debug|x64
		{F5965EF9-F6CA-439D-B85F-2B10BAEFBEC4}.Debug|x64.Build.0 = Debug|x64
		{F5965EF9-F6CA-439D-B85F-2B10BAEFBEC4}.Debug|x86.ActiveCfg = Debug|Win32
		{F5965EF9-F6CA-439D-B85F-2B10BAEFBEC4}.Debug|x86.Build.0 = Debug|Win32
		{F5965EF9-F6CA-439D-B85F-2B10BAEFBEC4}.Release|x64.ActiveCfg = Release|x64
		{F5965EF9-F6CA-439D-B85F-2B10BAEFBEC4}.Release|x64.Build.0 = Release|x64
		{F5965EF9-F6CA-439D-B85F-2B10BAEFBEC4}.Release|x86.ActiveCfg = Release|Win32
		{F5965EF9-F6CA-439D-B85F-2B10BAEFBEC4}.Release|x86.Build.0 = Release|Win32
		{8F220AE2-860A-4911-B954-C17C95DF598D}.Debug|x64.ActiveCfg = Debug|x64
		{8F220AE2-860A-4911-B954-C17C95DF598D}.Debug|x64.Build.0 = Debug|x64
		{8F220AE2-860A-4911-B954-C17C95DF598D}.Debug|x86.ActiveCfg = Debug|Win32
		{8F220AE2-860A-4911-B954-C17C95DF598D}.Debug|x86.Build.0 = Debug|Win32
		{8F220AE2-860A-4911-B954-C17C95DF598D}.Release|x64.ActiveCfg = Release|x64
		{8F220AE2-860A-4911-B954-C17C95DF598D}.Release|x64.Build.0 = Release|x64
		{8F220AE2-860A-4911-B954-C17C95DF598D}.Release|x86.ActiveCfg = Release|Win32
		{8F220AE2-860A-4911-B954-C17C95DF598D}.Release|x86.Build.0 = Release|Win32
		{D39AFCCB-C0F6-438E-A4AA-47C3F78F5390}.Debug|x64.ActiveCfg = Debug|x64
		{D39AFCCB-C0F6-438E-A4AA-47C3F78F5390}.Debug|x64.Build.0 = Debug|x64
		{D39AFCCB-C0F6-438E-A4AA-47C3F78F5390}.Debug|x86.ActiveCfg = Debug|Win32
		{D39AFCCB-C0F6-438E-A4AA-47C3F78F5390}.Debug|x86.Build.0 = Debug|Win32
		{D39AFCCB-C0F6-438E-A4AA-47C3F78F5390}.Release|x64.ActiveCfg = Release|x64
		{D39AFCCB-C0F6-438E-A4AA-47C3F78F5390}.Release|x64.Build.0 = Release|x64
		{D39AFCCB-C0F6-438E-A4AA-47C3F78F5390}.Release|x86.ActiveCfg = Release|Win32
		{D39AFCCB-C0F6-438E-A4AA-47C3F78F5390}.Release|x86.Build.0 = Release|Win32
	EndGlobalSection
	GlobalSection(SolutionProperties) = preSolution
		HideSolutionNode = FALSE
	EndGlobalSection
EndGlobal
